// !$*UTF8*$!
{
	archiveVersion = 1;
	classes = {
	};
	objectVersion = 52;
	objects = {

/* Begin PBXBuildFile section */
		3022C74624682F7100D7A23F /* AppDelegate.swift in Sources */ = {isa = PBXBuildFile; fileRef = 3022C74524682F7100D7A23F /* AppDelegate.swift */; };
		3022C74824682F7100D7A23F /* SceneDelegate.swift in Sources */ = {isa = PBXBuildFile; fileRef = 3022C74724682F7100D7A23F /* SceneDelegate.swift */; };
		3022C74A24682F7100D7A23F /* ViewController.swift in Sources */ = {isa = PBXBuildFile; fileRef = 3022C74924682F7100D7A23F /* ViewController.swift */; };
		3022C74D24682F7100D7A23F /* Main.storyboard in Resources */ = {isa = PBXBuildFile; fileRef = 3022C74B24682F7100D7A23F /* Main.storyboard */; };
		3022C74F24682F7700D7A23F /* Assets.xcassets in Resources */ = {isa = PBXBuildFile; fileRef = 3022C74E24682F7700D7A23F /* Assets.xcassets */; };
		3022C75224682F7700D7A23F /* LaunchScreen.storyboard in Resources */ = {isa = PBXBuildFile; fileRef = 3022C75024682F7700D7A23F /* LaunchScreen.storyboard */; };
		3022C75C246832E600D7A23F /* CSVImporter in Frameworks */ = {isa = PBXBuildFile; productRef = 3022C75B246832E600D7A23F /* CSVImporter */; };
		3022C75E246832FC00D7A23F /* Bing-COVID19-Data.csv in Resources */ = {isa = PBXBuildFile; fileRef = 3022C75D246832FC00D7A23F /* Bing-COVID19-Data.csv */; };
		3022C76024683C5A00D7A23F /* LoaderView.swift in Sources */ = {isa = PBXBuildFile; fileRef = 3022C75F24683C5A00D7A23F /* LoaderView.swift */; };
		3022C76324683EBC00D7A23F /* NLPManager.swift in Sources */ = {isa = PBXBuildFile; fileRef = 3022C76224683EBC00D7A23F /* NLPManager.swift */; };
/* End PBXBuildFile section */

/* Begin PBXFileReference section */
		3022C74224682F7100D7A23F /* CovidChatBot.app */ = {isa = PBXFileReference; explicitFileType = wrapper.application; includeInIndex = 0; path = CovidChatBot.app; sourceTree = BUILT_PRODUCTS_DIR; };
		3022C74524682F7100D7A23F /* AppDelegate.swift */ = {isa = PBXFileReference; lastKnownFileType = sourcecode.swift; path = AppDelegate.swift; sourceTree = "<group>"; };
		3022C74724682F7100D7A23F /* SceneDelegate.swift */ = {isa = PBXFileReference; lastKnownFileType = sourcecode.swift; path = SceneDelegate.swift; sourceTree = "<group>"; };
		3022C74924682F7100D7A23F /* ViewController.swift */ = {isa = PBXFileReference; lastKnownFileType = sourcecode.swift; path = ViewController.swift; sourceTree = "<group>"; };
		3022C74C24682F7100D7A23F /* Base */ = {isa = PBXFileReference; lastKnownFileType = file.storyboard; name = Base; path = Base.lproj/Main.storyboard; sourceTree = "<group>"; };
		3022C74E24682F7700D7A23F /* Assets.xcassets */ = {isa = PBXFileReference; lastKnownFileType = folder.assetcatalog; path = Assets.xcassets; sourceTree = "<group>"; };
		3022C75124682F7700D7A23F /* Base */ = {isa = PBXFileReference; lastKnownFileType = file.storyboard; name = Base; path = Base.lproj/LaunchScreen.storyboard; sourceTree = "<group>"; };
		3022C75324682F7700D7A23F /* Info.plist */ = {isa = PBXFileReference; lastKnownFileType = text.plist.xml; path = Info.plist; sourceTree = "<group>"; };
		3022C75D246832FC00D7A23F /* Bing-COVID19-Data.csv */ = {isa = PBXFileReference; fileEncoding = 4; lastKnownFileType = text; path = "Bing-COVID19-Data.csv"; sourceTree = "<group>"; };
		3022C75F24683C5A00D7A23F /* LoaderView.swift */ = {isa = PBXFileReference; lastKnownFileType = sourcecode.swift; path = LoaderView.swift; sourceTree = "<group>"; };
		3022C76224683EBC00D7A23F /* NLPManager.swift */ = {isa = PBXFileReference; lastKnownFileType = sourcecode.swift; path = NLPManager.swift; sourceTree = "<group>"; };
/* End PBXFileReference section */

/* Begin PBXFrameworksBuildPhase section */
		3022C73F24682F7100D7A23F /* Frameworks */ = {
			isa = PBXFrameworksBuildPhase;
			buildActionMask = 2147483647;
			files = (
				3022C75C246832E600D7A23F /* CSVImporter in Frameworks */,
			);
			runOnlyForDeploymentPostprocessing = 0;
		};
/* End PBXFrameworksBuildPhase section */

/* Begin PBXGroup section */
		3022C73924682F7100D7A23F = {
			isa = PBXGroup;
			children = (
				3022C74424682F7100D7A23F /* CovidChatBot */,
				3022C74324682F7100D7A23F /* Products */,
			);
			sourceTree = "<group>";
		};
		3022C74324682F7100D7A23F /* Products */ = {
			isa = PBXGroup;
			children = (
				3022C74224682F7100D7A23F /* CovidChatBot.app */,
			);
			name = Products;
			sourceTree = "<group>";
		};
		3022C74424682F7100D7A23F /* CovidChatBot */ = {
			isa = PBXGroup;
			children = (
				3022C76124683EA100D7A23F /* NLP */,
				3022C75924682FAB00D7A23F /* Resources */,
				3022C74524682F7100D7A23F /* AppDelegate.swift */,
				3022C74724682F7100D7A23F /* SceneDelegate.swift */,
				3022C74924682F7100D7A23F /* ViewController.swift */,
				3022C74B24682F7100D7A23F /* Main.storyboard */,
				3022C75F24683C5A00D7A23F /* LoaderView.swift */,
				3022C74E24682F7700D7A23F /* Assets.xcassets */,
				3022C75024682F7700D7A23F /* LaunchScreen.storyboard */,
				3022C75324682F7700D7A23F /* Info.plist */,
			);
			path = CovidChatBot;
			sourceTree = "<group>";
		};
		3022C75924682FAB00D7A23F /* Resources */ = {
			isa = PBXGroup;
			children = (
				3022C75D246832FC00D7A23F /* Bing-COVID19-Data.csv */,
			);
			path = Resources;
			sourceTree = "<group>";
		};
		3022C76124683EA100D7A23F /* NLP */ = {
			isa = PBXGroup;
			children = (
				3022C76224683EBC00D7A23F /* NLPManager.swift */,
			);
			path = NLP;
			sourceTree = "<group>";
		};
/* End PBXGroup section */

/* Begin PBXNativeTarget section */
		3022C74124682F7100D7A23F /* CovidChatBot */ = {
			isa = PBXNativeTarget;
			buildConfigurationList = 3022C75624682F7700D7A23F /* Build configuration list for PBXNativeTarget "CovidChatBot" */;
			buildPhases = (
				3022C73E24682F7100D7A23F /* Sources */,
				3022C73F24682F7100D7A23F /* Frameworks */,
				3022C74024682F7100D7A23F /* Resources */,
			);
			buildRules = (
			);
			dependencies = (
			);
			name = CovidChatBot;
			packageProductDependencies = (
				3022C75B246832E600D7A23F /* CSVImporter */,
			);
			productName = CovidChatBot;
			productReference = 3022C74224682F7100D7A23F /* CovidChatBot.app */;
			productType = "com.apple.product-type.application";
		};
/* End PBXNativeTarget section */

/* Begin PBXProject section */
		3022C73A24682F7100D7A23F /* Project object */ = {
			isa = PBXProject;
			attributes = {
				LastSwiftUpdateCheck = 1130;
				LastUpgradeCheck = 1130;
				ORGANIZATIONNAME = "Narayanaswamy, Subhashini (623)";
				TargetAttributes = {
					3022C74124682F7100D7A23F = {
						CreatedOnToolsVersion = 11.3.1;
					};
				};
			};
			buildConfigurationList = 3022C73D24682F7100D7A23F /* Build configuration list for PBXProject "CovidChatBot" */;
			compatibilityVersion = "Xcode 9.3";
			developmentRegion = en;
			hasScannedForEncodings = 0;
			knownRegions = (
				en,
				Base,
			);
			mainGroup = 3022C73924682F7100D7A23F;
			packageReferences = (
				3022C75A246832E600D7A23F /* XCRemoteSwiftPackageReference "CSVImporter" */,
			);
			productRefGroup = 3022C74324682F7100D7A23F /* Products */;
			projectDirPath = "";
			projectRoot = "";
			targets = (
				3022C74124682F7100D7A23F /* CovidChatBot */,
			);
		};
/* End PBXProject section */

/* Begin PBXResourcesBuildPhase section */
		3022C74024682F7100D7A23F /* Resources */ = {
			isa = PBXResourcesBuildPhase;
			buildActionMask = 2147483647;
			files = (
				3022C75224682F7700D7A23F /* LaunchScreen.storyboard in Resources */,
				3022C74F24682F7700D7A23F /* Assets.xcassets in Resources */,
				3022C75E246832FC00D7A23F /* Bing-COVID19-Data.csv in Resources */,
				3022C74D24682F7100D7A23F /* Main.storyboard in Resources */,
			);
			runOnlyForDeploymentPostprocessing = 0;
		};
/* End PBXResourcesBuildPhase section */

/* Begin PBXSourcesBuildPhase section */
		3022C73E24682F7100D7A23F /* Sources */ = {
			isa = PBXSourcesBuildPhase;
			buildActionMask = 2147483647;
			files = (
				3022C74A24682F7100D7A23F /* ViewController.swift in Sources */,
				3022C76024683C5A00D7A23F /* LoaderView.swift in Sources */,
				3022C74624682F7100D7A23F /* AppDelegate.swift in Sources */,
				3022C74824682F7100D7A23F /* SceneDelegate.swift in Sources */,
				3022C76324683EBC00D7A23F /* NLPManager.swift in Sources */,
			);
			runOnlyForDeploymentPostprocessing = 0;
		};
/* End PBXSourcesBuildPhase section */

/* Begin PBXVariantGroup section */
		3022C74B24682F7100D7A23F /* Main.storyboard */ = {
			isa = PBXVariantGroup;
			children = (
				3022C74C24682F7100D7A23F /* Base */,
			);
			name = Main.storyboard;
			sourceTree = "<group>";
		};
		3022C75024682F7700D7A23F /* LaunchScreen.storyboard */ = {
			isa = PBXVariantGroup;
			children = (
				3022C75124682F7700D7A23F /* Base */,
			);
			name = LaunchScreen.storyboard;
			sourceTree = "<group>";
		};
/* End PBXVariantGroup section */

/* Begin XCBuildConfiguration section */
		3022C75424682F7700D7A23F /* Debug */ = {
			isa = XCBuildConfiguration;
			buildSettings = {
				ALWAYS_SEARCH_USER_PATHS = NO;
				CLANG_ANALYZER_NONNULL = YES;
				CLANG_ANALYZER_NUMBER_OBJECT_CONVERSION = YES_AGGRESSIVE;
				CLANG_CXX_LANGUAGE_STANDARD = "gnu++14";
				CLANG_CXX_LIBRARY = "libc++";
				CLANG_ENABLE_MODULES = YES;
				CLANG_ENABLE_OBJC_ARC = YES;
				CLANG_ENABLE_OBJC_WEAK = YES;
				CLANG_WARN_BLOCK_CAPTURE_AUTORELEASING = YES;
				CLANG_WARN_BOOL_CONVERSION = YES;
				CLANG_WARN_COMMA = YES;
				CLANG_WARN_CONSTANT_CONVERSION = YES;
				CLANG_WARN_DEPRECATED_OBJC_IMPLEMENTATIONS = YES;
				CLANG_WARN_DIRECT_OBJC_ISA_USAGE = YES_ERROR;
				CLANG_WARN_DOCUMENTATION_COMMENTS = YES;
				CLANG_WARN_EMPTY_BODY = YES;
				CLANG_WARN_ENUM_CONVERSION = YES;
				CLANG_WARN_INFINITE_RECURSION = YES;
				CLANG_WARN_INT_CONVERSION = YES;
				CLANG_WARN_NON_LITERAL_NULL_CONVERSION = YES;
				CLANG_WARN_OBJC_IMPLICIT_RETAIN_SELF = YES;
				CLANG_WARN_OBJC_LITERAL_CONVERSION = YES;
				CLANG_WARN_OBJC_ROOT_CLASS = YES_ERROR;
				CLANG_WARN_RANGE_LOOP_ANALYSIS = YES;
				CLANG_WARN_STRICT_PROTOTYPES = YES;
				CLANG_WARN_SUSPICIOUS_MOVE = YES;
				CLANG_WARN_UNGUARDED_AVAILABILITY = YES_AGGRESSIVE;
				CLANG_WARN_UNREACHABLE_CODE = YES;
				CLANG_WARN__DUPLICATE_METHOD_MATCH = YES;
				COPY_PHASE_STRIP = NO;
				DEBUG_INFORMATION_FORMAT = dwarf;
				ENABLE_STRICT_OBJC_MSGSEND = YES;
				ENABLE_TESTABILITY = YES;
				GCC_C_LANGUAGE_STANDARD = gnu11;
				GCC_DYNAMIC_NO_PIC = NO;
				GCC_NO_COMMON_BLOCKS = YES;
				GCC_OPTIMIZATION_LEVEL = 0;
				GCC_PREPROCESSOR_DEFINITIONS = (
					"DEBUG=1",
					"$(inherited)",
				);
				GCC_WARN_64_TO_32_BIT_CONVERSION = YES;
				GCC_WARN_ABOUT_RETURN_TYPE = YES_ERROR;
				GCC_WARN_UNDECLARED_SELECTOR = YES;
				GCC_WARN_UNINITIALIZED_AUTOS = YES_AGGRESSIVE;
				GCC_WARN_UNUSED_FUNCTION = YES;
				GCC_WARN_UNUSED_VARIABLE = YES;
				IPHONEOS_DEPLOYMENT_TARGET = 13.2;
				MTL_ENABLE_DEBUG_INFO = INCLUDE_SOURCE;
				MTL_FAST_MATH = YES;
				ONLY_ACTIVE_ARCH = YES;
				SDKROOT = iphoneos;
				SWIFT_ACTIVE_COMPILATION_CONDITIONS = DEBUG;
				SWIFT_OPTIMIZATION_LEVEL = "-Onone";
			};
			name = Debug;
		};
		3022C75524682F7700D7A23F /* Release */ = {
			isa = XCBuildConfiguration;
			buildSettings = {
				ALWAYS_SEARCH_USER_PATHS = NO;
				CLANG_ANALYZER_NONNULL = YES;
				CLANG_ANALYZER_NUMBER_OBJECT_CONVERSION = YES_AGGRESSIVE;
				CLANG_CXX_LANGUAGE_STANDARD = "gnu++14";
				CLANG_CXX_LIBRARY = "libc++";
				CLANG_ENABLE_MODULES = YES;
				CLANG_ENABLE_OBJC_ARC = YES;
				CLANG_ENABLE_OBJC_WEAK = YES;
				CLANG_WARN_BLOCK_CAPTURE_AUTORELEASING = YES;
				CLANG_WARN_BOOL_CONVERSION = YES;
				CLANG_WARN_COMMA = YES;
				CLANG_WARN_CONSTANT_CONVERSION = YES;
				CLANG_WARN_DEPRECATED_OBJC_IMPLEMENTATIONS = YES;
				CLANG_WARN_DIRECT_OBJC_ISA_USAGE = YES_ERROR;
				CLANG_WARN_DOCUMENTATION_COMMENTS = YES;
				CLANG_WARN_EMPTY_BODY = YES;
				CLANG_WARN_ENUM_CONVERSION = YES;
				CLANG_WARN_INFINITE_RECURSION = YES;
				CLANG_WARN_INT_CONVERSION = YES;
				CLANG_WARN_NON_LITERAL_NULL_CONVERSION = YES;
				CLANG_WARN_OBJC_IMPLICIT_RETAIN_SELF = YES;
				CLANG_WARN_OBJC_LITERAL_CONVERSION = YES;
				CLANG_WARN_OBJC_ROOT_CLASS = YES_ERROR;
				CLANG_WARN_RANGE_LOOP_ANALYSIS = YES;
				CLANG_WARN_STRICT_PROTOTYPES = YES;
				CLANG_WARN_SUSPICIOUS_MOVE = YES;
				CLANG_WARN_UNGUARDED_AVAILABILITY = YES_AGGRESSIVE;
				CLANG_WARN_UNREACHABLE_CODE = YES;
				CLANG_WARN__DUPLICATE_METHOD_MATCH = YES;
				COPY_PHASE_STRIP = NO;
				DEBUG_INFORMATION_FORMAT = "dwarf-with-dsym";
				ENABLE_NS_ASSERTIONS = NO;
				ENABLE_STRICT_OBJC_MSGSEND = YES;
				GCC_C_LANGUAGE_STANDARD = gnu11;
				GCC_NO_COMMON_BLOCKS = YES;
				GCC_WARN_64_TO_32_BIT_CONVERSION = YES;
				GCC_WARN_ABOUT_RETURN_TYPE = YES_ERROR;
				GCC_WARN_UNDECLARED_SELECTOR = YES;
				GCC_WARN_UNINITIALIZED_AUTOS = YES_AGGRESSIVE;
				GCC_WARN_UNUSED_FUNCTION = YES;
				GCC_WARN_UNUSED_VARIABLE = YES;
				IPHONEOS_DEPLOYMENT_TARGET = 13.2;
				MTL_ENABLE_DEBUG_INFO = NO;
				MTL_FAST_MATH = YES;
				SDKROOT = iphoneos;
				SWIFT_COMPILATION_MODE = wholemodule;
				SWIFT_OPTIMIZATION_LEVEL = "-O";
				VALIDATE_PRODUCT = YES;
			};
			name = Release;
		};
		3022C75724682F7700D7A23F /* Debug */ = {
			isa = XCBuildConfiguration;
			buildSettings = {
				ASSETCATALOG_COMPILER_APPICON_NAME = AppIcon;
				CODE_SIGN_STYLE = Manual;
				DEVELOPMENT_TEAM = "";
				INFOPLIST_FILE = CovidChatBot/Info.plist;
				LD_RUNPATH_SEARCH_PATHS = (
					"$(inherited)",
					"@executable_path/Frameworks",
				);
				PRODUCT_BUNDLE_IDENTIFIER = com.company.CovidChatBot;
				PRODUCT_NAME = "$(TARGET_NAME)";
				PROVISIONING_PROFILE_SPECIFIER = "";
				SWIFT_VERSION = 5.0;
				TARGETED_DEVICE_FAMILY = "1,2";
			};
			name = Debug;
		};
		3022C75824682F7700D7A23F /* Release */ = {
			isa = XCBuildConfiguration;
			buildSettings = {
				ASSETCATALOG_COMPILER_APPICON_NAME = AppIcon;
				CODE_SIGN_STYLE = Manual;
				DEVELOPMENT_TEAM = "";
				INFOPLIST_FILE = CovidChatBot/Info.plist;
				LD_RUNPATH_SEARCH_PATHS = (
					"$(inherited)",
					"@executable_path/Frameworks",
				);
				PRODUCT_BUNDLE_IDENTIFIER = com.company.CovidChatBot;
				PRODUCT_NAME = "$(TARGET_NAME)";
				PROVISIONING_PROFILE_SPECIFIER = "";
				SWIFT_VERSION = 5.0;
				TARGETED_DEVICE_FAMILY = "1,2";
			};
			name = Release;
		};
/* End XCBuildConfiguration section */

/* Begin XCConfigurationList section */
		3022C73D24682F7100D7A23F /* Build configuration list for PBXProject "CovidChatBot" */ = {
			isa = XCConfigurationList;
			buildConfigurations = (
				3022C75424682F7700D7A23F /* Debug */,
				3022C75524682F7700D7A23F /* Release */,
			);
			defaultConfigurationIsVisible = 0;
			defaultConfigurationName = Release;
		};
		3022C75624682F7700D7A23F /* Build configuration list for PBXNativeTarget "CovidChatBot" */ = {
			isa = XCConfigurationList;
			buildConfigurations = (
				3022C75724682F7700D7A23F /* Debug */,
				3022C75824682F7700D7A23F /* Release */,
			);
			defaultConfigurationIsVisible = 0;
			defaultConfigurationName = Release;
		};
/* End XCConfigurationList section */

/* Begin XCRemoteSwiftPackageReference section */
		3022C75A246832E600D7A23F /* XCRemoteSwiftPackageReference "CSVImporter" */ = {
			isa = XCRemoteSwiftPackageReference;
			repositoryURL = "https://github.com/Flinesoft/CSVImporter.git";
			requirement = {
				kind = upToNextMajorVersion;
				minimumVersion = 1.9.1;
			};
		};
/* End XCRemoteSwiftPackageReference section */

/* Begin XCSwiftPackageProductDependency section */
		3022C75B246832E600D7A23F /* CSVImporter */ = {
			isa = XCSwiftPackageProductDependency;
			package = 3022C75A246832E600D7A23F /* XCRemoteSwiftPackageReference "CSVImporter" */;
			productName = CSVImporter;
		};
/* End XCSwiftPackageProductDependency section */
	};
	rootObject = 3022C73A24682F7100D7A23F /* Project object */;
}
